
Microsoft Visual Studio Solution File, Format Version 12.00
# Visual Studio 14
VisualStudioVersion = 14.0.25420.1
MinimumVisualStudioVersion = 10.0.40219.1
Project("{8BC9CEB8-8B4A-11D0-8D11-00A0C91BC942}") = "vlc", "vlc\vlc.vcxproj", "{F02DCDEA-685D-4440-87C8-BA75003F7279}"
	ProjectSection(ProjectDependencies) = postProject
		{25434609-16F6-4F70-A731-6DA6EFBCDE08} = {25434609-16F6-4F70-A731-6DA6EFBCDE08}
		{4091B667-171B-4238-B2BC-BDB5AABC3C45} = {4091B667-171B-4238-B2BC-BDB5AABC3C45}
	EndProjectSection
EndProject
Project("{8BC9CEB8-8B4A-11D0-8D11-00A0C91BC942}") = "vlccore", "vlc\vlccore.vcxproj", "{25434609-16F6-4F70-A731-6DA6EFBCDE08}"
	ProjectSection(ProjectDependencies) = postProject
		{4091B667-171B-4238-B2BC-BDB5AABC3C45} = {4091B667-171B-4238-B2BC-BDB5AABC3C45}
	EndProjectSection
EndProject
Project("{8BC9CEB8-8B4A-11D0-8D11-00A0C91BC942}") = "compat", "vlc\compat.vcxproj", "{4091B667-171B-4238-B2BC-BDB5AABC3C45}"
EndProject
Project("{8BC9CEB8-8B4A-11D0-8D11-00A0C91BC942}") = "app", "vlc\app.vcxproj", "{90ADB70D-506C-4E84-B24A-C0923FD6BC9D}"
	ProjectSection(ProjectDependencies) = postProject
		{25434609-16F6-4F70-A731-6DA6EFBCDE08} = {25434609-16F6-4F70-A731-6DA6EFBCDE08}
		{4091B667-171B-4238-B2BC-BDB5AABC3C45} = {4091B667-171B-4238-B2BC-BDB5AABC3C45}
		{F02DCDEA-685D-4440-87C8-BA75003F7279} = {F02DCDEA-685D-4440-87C8-BA75003F7279}
	EndProjectSection
EndProject
Global
	GlobalSection(SolutionConfigurationPlatforms) = preSolution
		Debug|Win32 = Debug|Win32
		Debug|x64 = Debug|x64
		DebugDLL|Win32 = DebugDLL|Win32
		DebugDLL|x64 = DebugDLL|x64
		Release|Win32 = Release|Win32
		Release|x64 = Release|x64
		ReleaseDLL|Win32 = ReleaseDLL|Win32
		ReleaseDLL|x64 = ReleaseDLL|x64
	EndGlobalSection
	GlobalSection(ProjectConfigurationPlatforms) = postSolution
		{F02DCDEA-685D-4440-87C8-BA75003F7279}.Debug|Win32.ActiveCfg = Debug|Win32
		{F02DCDEA-685D-4440-87C8-BA75003F7279}.Debug|Win32.Build.0 = Debug|Win32
		{F02DCDEA-685D-4440-87C8-BA75003F7279}.Debug|x64.ActiveCfg = Debug|x64
		{F02DCDEA-685D-4440-87C8-BA75003F7279}.Debug|x64.Build.0 = Debug|x64
		{F02DCDEA-685D-4440-87C8-BA75003F7279}.DebugDLL|Win32.ActiveCfg = DebugDLL|Win32
		{F02DCDEA-685D-4440-87C8-BA75003F7279}.DebugDLL|Win32.Build.0 = DebugDLL|Win32
		{F02DCDEA-685D-4440-87C8-BA75003F7279}.DebugDLL|x64.ActiveCfg = DebugDLL|x64
		{F02DCDEA-685D-4440-87C8-BA75003F7279}.DebugDLL|x64.Build.0 = DebugDLL|x64
		{F02DCDEA-685D-4440-87C8-BA75003F7279}.Release|Win32.ActiveCfg = Release|Win32
		{F02DCDEA-685D-4440-87C8-BA75003F7279}.Release|Win32.Build.0 = Release|Win32
		{F02DCDEA-685D-4440-87C8-BA75003F7279}.Release|x64.ActiveCfg = Release|x64
		{F02DCDEA-685D-4440-87C8-BA75003F7279}.Release|x64.Build.0 = Release|x64
		{F02DCDEA-685D-4440-87C8-BA75003F7279}.ReleaseDLL|Win32.ActiveCfg = ReleaseDLL|Win32
		{F02DCDEA-685D-4440-87C8-BA75003F7279}.ReleaseDLL|Win32.Build.0 = ReleaseDLL|Win32
		{F02DCDEA-685D-4440-87C8-BA75003F7279}.ReleaseDLL|x64.ActiveCfg = ReleaseDLL|x64
		{F02DCDEA-685D-4440-87C8-BA75003F7279}.ReleaseDLL|x64.Build.0 = ReleaseDLL|x64
		{25434609-16F6-4F70-A731-6DA6EFBCDE08}.Debug|Win32.ActiveCfg = Debug|Win32
		{25434609-16F6-4F70-A731-6DA6EFBCDE08}.Debug|Win32.Build.0 = Debug|Win32
		{25434609-16F6-4F70-A731-6DA6EFBCDE08}.Debug|x64.ActiveCfg = Debug|x64
		{25434609-16F6-4F70-A731-6DA6EFBCDE08}.Debug|x64.Build.0 = Debug|x64
		{25434609-16F6-4F70-A731-6DA6EFBCDE08}.DebugDLL|Win32.ActiveCfg = DebugDLL|Win32
		{25434609-16F6-4F70-A731-6DA6EFBCDE08}.DebugDLL|Win32.Build.0 = DebugDLL|Win32
		{25434609-16F6-4F70-A731-6DA6EFBCDE08}.DebugDLL|x64.ActiveCfg = DebugDLL|x64
		{25434609-16F6-4F70-A731-6DA6EFBCDE08}.DebugDLL|x64.Build.0 = DebugDLL|x64
		{25434609-16F6-4F70-A731-6DA6EFBCDE08}.Release|Win32.ActiveCfg = Release|Win32
		{25434609-16F6-4F70-A731-6DA6EFBCDE08}.Release|Win32.Build.0 = Release|Win32
		{25434609-16F6-4F70-A731-6DA6EFBCDE08}.Release|x64.ActiveCfg = Release|x64
		{25434609-16F6-4F70-A731-6DA6EFBCDE08}.Release|x64.Build.0 = Release|x64
		{25434609-16F6-4F70-A731-6DA6EFBCDE08}.ReleaseDLL|Win32.ActiveCfg = ReleaseDLL|Win32
		{25434609-16F6-4F70-A731-6DA6EFBCDE08}.ReleaseDLL|Win32.Build.0 = ReleaseDLL|Win32
		{25434609-16F6-4F70-A731-6DA6EFBCDE08}.ReleaseDLL|x64.ActiveCfg = ReleaseDLL|x64
		{25434609-16F6-4F70-A731-6DA6EFBCDE08}.ReleaseDLL|x64.Build.0 = ReleaseDLL|x64
		{4091B667-171B-4238-B2BC-BDB5AABC3C45}.Debug|Win32.ActiveCfg = Debug|Win32
		{4091B667-171B-4238-B2BC-BDB5AABC3C45}.Debug|Win32.Build.0 = Debug|Win32
		{4091B667-171B-4238-B2BC-BDB5AABC3C45}.Debug|x64.ActiveCfg = Debug|x64
		{4091B667-171B-4238-B2BC-BDB5AABC3C45}.Debug|x64.Build.0 = Debug|x64
		{4091B667-171B-4238-B2BC-BDB5AABC3C45}.DebugDLL|Win32.ActiveCfg = DebugDLL|Win32
		{4091B667-171B-4238-B2BC-BDB5AABC3C45}.DebugDLL|Win32.Build.0 = DebugDLL|Win32
		{4091B667-171B-4238-B2BC-BDB5AABC3C45}.DebugDLL|x64.ActiveCfg = DebugDLL|x64
		{4091B667-171B-4238-B2BC-BDB5AABC3C45}.DebugDLL|x64.Build.0 = DebugDLL|x64
		{4091B667-171B-4238-B2BC-BDB5AABC3C45}.Release|Win32.ActiveCfg = Release|Win32
		{4091B667-171B-4238-B2BC-BDB5AABC3C45}.Release|Win32.Build.0 = Release|Win32
		{4091B667-171B-4238-B2BC-BDB5AABC3C45}.Release|x64.ActiveCfg = Release|x64
		{4091B667-171B-4238-B2BC-BDB5AABC3C45}.Release|x64.Build.0 = Release|x64
		{4091B667-171B-4238-B2BC-BDB5AABC3C45}.ReleaseDLL|Win32.ActiveCfg = ReleaseDLL|Win32
		{4091B667-171B-4238-B2BC-BDB5AABC3C45}.ReleaseDLL|Win32.Build.0 = ReleaseDLL|Win32
		{4091B667-171B-4238-B2BC-BDB5AABC3C45}.ReleaseDLL|x64.ActiveCfg = ReleaseDLL|x64
		{4091B667-171B-4238-B2BC-BDB5AABC3C45}.ReleaseDLL|x64.Build.0 = ReleaseDLL|x64
		{90ADB70D-506C-4E84-B24A-C0923FD6BC9D}.Debug|Win32.ActiveCfg = Debug|Win32
		{90ADB70D-506C-4E84-B24A-C0923FD6BC9D}.Debug|Win32.Build.0 = Debug|Win32
		{90ADB70D-506C-4E84-B24A-C0923FD6BC9D}.Debug|x64.ActiveCfg = Debug|x64
		{90ADB70D-506C-4E84-B24A-C0923FD6BC9D}.Debug|x64.Build.0 = Debug|x64
		{90ADB70D-506C-4E84-B24A-C0923FD6BC9D}.DebugDLL|Win32.ActiveCfg = DebugDLL|Win32
		{90ADB70D-506C-4E84-B24A-C0923FD6BC9D}.DebugDLL|Win32.Build.0 = DebugDLL|Win32
		{90ADB70D-506C-4E84-B24A-C0923FD6BC9D}.DebugDLL|x64.ActiveCfg = DebugDLL|x64
		{90ADB70D-506C-4E84-B24A-C0923FD6BC9D}.DebugDLL|x64.Build.0 = DebugDLL|x64
		{90ADB70D-506C-4E84-B24A-C0923FD6BC9D}.Release|Win32.ActiveCfg = Release|Win32
		{90ADB70D-506C-4E84-B24A-C0923FD6BC9D}.Release|Win32.Build.0 = Release|Win32
		{90ADB70D-506C-4E84-B24A-C0923FD6BC9D}.Release|x64.ActiveCfg = Release|x64
		{90ADB70D-506C-4E84-B24A-C0923FD6BC9D}.Release|x64.Build.0 = Release|x64
		{90ADB70D-506C-4E84-B24A-C0923FD6BC9D}.ReleaseDLL|Win32.ActiveCfg = ReleaseDLL|Win32
		{90ADB70D-506C-4E84-B24A-C0923FD6BC9D}.ReleaseDLL|Win32.Build.0 = ReleaseDLL|Win32
		{90ADB70D-506C-4E84-B24A-C0923FD6BC9D}.ReleaseDLL|x64.ActiveCfg = ReleaseDLL|x64
		{90ADB70D-506C-4E84-B24A-C0923FD6BC9D}.ReleaseDLL|x64.Build.0 = ReleaseDLL|x64
	EndGlobalSection
	GlobalSection(SolutionProperties) = preSolution
		HideSolutionNode = FALSE
	EndGlobalSection
EndGlobal
