<?xml version="1.0" encoding="utf-8"?>
<Project ToolsVersion="4.0" xmlns="http://schemas.microsoft.com/developer/msbuild/2003">
  <ItemGroup>
    <Filter Include="Source Files">
      <UniqueIdentifier>{4FC737F1-C7A5-4376-A066-2A32D752A2FF}</UniqueIdentifier>
      <Extensions>cpp;c;cc;cxx;def;odl;idl;hpj;bat;asm;asmx</Extensions>
    </Filter>
    <Filter Include="Header Files">
      <UniqueIdentifier>{93995380-89BD-4b04-88EB-625FBE52EBFB}</UniqueIdentifier>
      <Extensions>h;hh;hpp;hxx;hm;inl;inc;xsd</Extensions>
    </Filter>
    <Filter Include="Resource Files">
      <UniqueIdentifier>{67DA6AB6-F800-4c08-8B7A-83BB121AAD01}</UniqueIdentifier>
      <Extensions>rc;ico;cur;bmp;dlg;rc2;rct;bin;rgs;gif;jpg;jpeg;jpe;resx;tiff;tif;png;wav;mfcribbon-ms</Extensions>
    </Filter>
  </ItemGroup>
  <ItemGroup>
    <ClCompile Include="..\..\compat\inet_pton.c">
      <Filter>Source Files</Filter>
    </ClCompile>
    <ClCompile Include="..\..\compat\lldiv.c">
      <Filter>Source Files</Filter>
    </ClCompile>
    <ClCompile Include="..\..\compat\localtime_r.c">
      <Filter>Source Files</Filter>
    </ClCompile>
    <ClCompile Include="..\..\compat\nrand48.c">
      <Filter>Source Files</Filter>
    </ClCompile>
    <ClCompile Include="..\..\compat\poll.c">
      <Filter>Source Files</Filter>
    </ClCompile>
    <ClCompile Include="..\..\compat\posix_memalign.c">
      <Filter>Source Files</Filter>
    </ClCompile>
    <ClCompile Include="..\..\compat\rewind.c">
      <Filter>Source Files</Filter>
    </ClCompile>
    <ClCompile Include="..\..\compat\setenv.c">
      <Filter>Source Files</Filter>
    </ClCompile>
    <ClCompile Include="..\..\compat\strcasecmp.c">
      <Filter>Source Files</Filter>
    </ClCompile>
    <ClCompile Include="..\..\compat\strcasestr.c">
      <Filter>Source Files</Filter>
    </ClCompile>
    <ClCompile Include="..\..\compat\strdup.c">
      <Filter>Source Files</Filter>
    </ClCompile>
    <ClCompile Include="..\..\compat\strlcpy.c">
      <Filter>Source Files</Filter>
    </ClCompile>
    <ClCompile Include="..\..\compat\strndup.c">
      <Filter>Source Files</Filter>
    </ClCompile>
    <ClCompile Include="..\..\compat\strnlen.c">
      <Filter>Source Files</Filter>
    </ClCompile>
    <ClCompile Include="..\..\compat\strsep.c">
      <Filter>Source Files</Filter>
    </ClCompile>
    <ClCompile Include="..\..\compat\strtof.c">
      <Filter>Source Files</Filter>
    </ClCompile>
    <ClCompile Include="..\..\compat\strtok_r.c">
      <Filter>Source Files</Filter>
    </ClCompile>
    <ClCompile Include="..\..\compat\strtoll.c">
      <Filter>Source Files</Filter>
    </ClCompile>
    <ClCompile Include="..\..\compat\strverscmp.c">
      <Filter>Source Files</Filter>
    </ClCompile>
    <ClCompile Include="..\..\compat\swab.c">
      <Filter>Source Files</Filter>
    </ClCompile>
    <ClCompile Include="..\..\compat\tdestroy.c">
      <Filter>Source Files</Filter>
    </ClCompile>
    <ClCompile Include="..\..\compat\vasprintf.c">
      <Filter>Source Files</Filter>
    </ClCompile>
    <ClCompile Include="..\..\compat\asprintf.c">
      <Filter>Source Files</Filter>
    </ClCompile>
    <ClCompile Include="..\..\compat\atof.c">
      <Filter>Source Files</Filter>
    </ClCompile>
    <ClCompile Include="..\..\compat\atoll.c">
      <Filter>Source Files</Filter>
    </ClCompile>
    <ClCompile Include="..\..\compat\dirfd.c">
      <Filter>Source Files</Filter>
    </ClCompile>
    <ClCompile Include="..\..\compat\fdopendir.c">
      <Filter>Source Files</Filter>
    </ClCompile>
    <ClCompile Include="..\..\compat\flockfile.c">
      <Filter>Source Files</Filter>
    </ClCompile>
    <ClCompile Include="..\..\compat\freeaddrinfo.c">
      <Filter>Source Files</Filter>
    </ClCompile>
    <ClCompile Include="..\..\compat\fsync.c">
      <Filter>Source Files</Filter>
    </ClCompile>
    <ClCompile Include="..\..\compat\getdelim.c">
      <Filter>Source Files</Filter>
    </ClCompile>
    <ClCompile Include="..\..\compat\getpid.c">
      <Filter>Source Files</Filter>
    </ClCompile>
    <ClCompile Include="..\..\compat\gmtime_r.c">
      <Filter>Source Files</Filter>
    </ClCompile>
  </ItemGroup>
  <ItemGroup>
    <ClInclude Include="config.h">
      <Filter>Header Files</Filter>
    </ClInclude>
  </ItemGroup>
</Project>